
Microsoft Visual Studio Solution File, Format Version 12.00
# Visual Studio Version 16
VisualStudioVersion = 16.0.28803.452
MinimumVisualStudioVersion = 10.0.40219.1
Project("{FAE04EC0-301F-11D3-BF4B-00C04F79EFBC}") = "311calls", "311calls\311calls.csproj", "{A78E763E-9B5F-40CA-B1C3-BDD485DC7485}"
EndProject
Project("{FAE04EC0-301F-11D3-BF4B-00C04F79EFBC}") = "CallsData", "CallsData\CallsData.csproj", "{56D72A5E-0311-4033-BBF7-C2DEBF81D86D}"
EndProject
Global
	GlobalSection(SolutionConfigurationPlatforms) = preSolution
		Debug|Any CPU = Debug|Any CPU
		Release|Any CPU = Release|Any CPU
	EndGlobalSection
	GlobalSection(ProjectConfigurationPlatforms) = postSolution
		{A78E763E-9B5F-40CA-B1C3-BDD485DC7485}.Debug|Any CPU.ActiveCfg = Debug|Any CPU
		{A78E763E-9B5F-40CA-B1C3-BDD485DC7485}.Debug|Any CPU.Build.0 = Debug|Any CPU
		{A78E763E-9B5F-40CA-B1C3-BDD485DC7485}.Release|Any CPU.ActiveCfg = Release|Any CPU
		{A78E763E-9B5F-40CA-B1C3-BDD485DC7485}.Release|Any CPU.Build.0 = Release|Any CPU
		{56D72A5E-0311-4033-BBF7-C2DEBF81D86D}.Debug|Any CPU.ActiveCfg = Debug|Any CPU
		{56D72A5E-0311-4033-BBF7-C2DEBF81D86D}.Debug|Any CPU.Build.0 = Debug|Any CPU
		{56D72A5E-0311-4033-BBF7-C2DEBF81D86D}.Release|Any CPU.ActiveCfg = Release|Any CPU
		{56D72A5E-0311-4033-BBF7-C2DEBF81D86D}.Release|Any CPU.Build.0 = Release|Any CPU
	EndGlobalSection
	GlobalSection(SolutionProperties) = preSolution
		HideSolutionNode = FALSE
	EndGlobalSection
	GlobalSection(ExtensibilityGlobals) = postSolution
		SolutionGuid = {69748E93-D4B3-416D-A366-71D96DC58D44}
	EndGlobalSection
EndGlobal
